{
  "version": 3,
  "mopsTomlDepsHash": "9ee79547d6d7bfcd9fcb6c4f2d89a09e61365401ac0db102c13cd9bee65f002b",
  "deps": {
    "identify": "0.0.2",
    "core": "1.0.0",
    "base": "0.16.0",
    "serde": "3.3.2",
    "itertools": "0.2.2",
    "candid": "2.1.0",
    "xtended-numbers": "2.1.0",
    "buffer": "0.0.1",
    "cbor": "4.1.0",
    "map": "9.0.1",
    "sha2": "0.1.6",
    "fuzz": "1.0.0",
    "byte-utils": "0.1.1",
    "base@0.7.3": "0.7.3",
    "hash": "1.0.0",
    "base-0.7.3": "https://github.com/dfinity/motoko-base#aafcdee0c8328087aeed506e64aa2ff4ed329b47",
    "array": "https://github.com/aviate-labs/array.mo#v0.2.1",
    "core@1": "1.0.0",
    "xtended-numbers@2": "2.1.0",
    "buffer@0": "0.1.0",
    "base@0": "0.16.0",
    "hex": "1.0.2"
  },
  "hashes": {
    "identify@0.0.2": {
      "identify@0.0.2/README.md": "1de43521e1ae240a3c6e9886e9880e88018ed20d27a641f1a891897b6a70e1cd",
      "identify@0.0.2/mops.toml": "64319d0b9f91d8e0af1489d2e9d0b7ea2a760778df3df5130d1bda12f6562d18",
      "identify@0.0.2/src/backend/AuthProvider.mo": "dcfbb140946550eb18d23625fc6e2162851e5357fecfedaf732f6ad7af7b1190",
      "identify@0.0.2/src/backend/CanisterSignature.mo": "2d3ac0951c777899766757a3996f5ef8e1801fff10c7f8adc838ec33fd727c4f",
      "identify@0.0.2/LICENSE": "f6492130f8f3fb55886237b19e6e92d7eeb2fba886215ac75f3b6a967024ada4",
      "identify@0.0.2/src/lib.mo": "22fb166b9036d47df24f4ed4e3245415648b802f229789eb4ea19c45eb83a88f",
      "identify@0.0.2/src/backend/Base64.mo": "56f815295f0f3565bd900491a831172b7c6eec053201fa4f50222a0b41a7b7e8",
      "identify@0.0.2/src/backend/Delegation.mo": "d2d81c2befa70c34b59e197c00443c49dcd86d6f0e1f4f5c438ae214f79bb6fa",
      "identify@0.0.2/src/backend/HashTree.mo": "aea5f641c186cfe0e2fed11f064ca25fdc13727202c2cb82458e7a17233f80f4",
      "identify@0.0.2/src/backend/Http.mo": "3abb868c7cbb68ed56a798242bfe602aba37cd6b7d79be74a6c27e0e73276dc4",
      "identify@0.0.2/src/backend/JWT.mo": "f0f787a85933419c431455634b4633a5885d82b94fafbd2d206756d3e39f82e7",
      "identify@0.0.2/src/backend/PKCE.mo": "f6c01b400a4c221d58036f71920c7df170bf62dfc49f6ab4d74157d92da79038",
      "identify@0.0.2/src/backend/Identify.mo": "4cfb9d6546f99a2e84526ca2c1b211324d96534e3d37ec03484f48095f2c72cb",
      "identify@0.0.2/src/backend/RSA.mo": "6bdb46de2f5c11c0f18506273614f067e6a03914ebeb27aa22faac213bfce653",
      "identify@0.0.2/src/backend/Stats.mo": "eb080f0a8fde66513964733404e8c6c8a253aaae3919abd966b20e0bb60bea0b",
      "identify@0.0.2/src/backend/TimeFormat.mo": "73fad59b15165214a477d19c5f3e6ab09d3d6cdac9830ec82eb026ceb6f9bb3c",
      "identify@0.0.2/src/backend/Whitelist.mo": "91a19d5e3cb8fe7c6639a02a50fc3fa3c8b4f9b9cb85a468a7967dffec030c66",
      "identify@0.0.2/src/backend/URL.mo": "08d31d1e4538eeb6713caa8f6d25465838ba3f46b029376ffe99bb0bdba10ca2",
      "identify@0.0.2/src/backend/ULEB128.mo": "95945fe67f0a6ed2cebce37fdb3eda799c1b3163ece647d6799a15432ce1295f",
      "identify@0.0.2/src/backend/User.mo": "b59ac5f74309b8f21ca3fbc8c31e1bb6e656411c60a69a7a828b5892ad78dda3",
      "identify@0.0.2/src/frontend/agent-js/e2e/node/canisters/trap.mo": "5e93304f15513ccb2e17f97f37298f0f5fab9fc4bf4fb4947481f8b3a0987542",
      "identify@0.0.2/src/frontend/agent-js/e2e/node/canisters/counter.mo": "b7f0ee70c9d6b60c8f1d805347a9abbc07a6e69564ef1866b47863a83b3f8221",
      "identify@0.0.2/src/backend/main.mo": "7ee6455202741c7c82bdaf9f61878715b763901bc1584a8fe8b97f7729799411"
    },
    "core@1.0.0": {
      "core@1.0.0/src/Array.mo": "7cc453a2d20a3dae84c54f2c4a2db6db7b454f6fca0ba23e6440d324c2a68f3f",
      "core@1.0.0/LICENSE": "840e3d57a38a8061f55d04470fbd58b9345326fa04ea10ee42add5c6e3b2aa08",
      "core@1.0.0/NOTICE": "d62ca4ef9e2c9df064115c339013593cf0769e2b9dc78fa4b3211222541c7f83",
      "core@1.0.0/src/Blob.mo": "58fe96119602151a6816db9817bfd3062526e15fac49c2a259fd2a5061266775",
      "core@1.0.0/src/Bool.mo": "a13590c559c53109e79ffff7de0506e59f1f93754ef2d0efa1df9baaf1751e95",
      "core@1.0.0/mops.toml": "e8e16f2bd5c257b4626c18276930283ac6c156ebc39619dae8da076f23fd1c5c",
      "core@1.0.0/README.md": "184efbd57d9792ca0275a7a66caeb920181001e46e63aa7b70f180e001a2a838",
      "core@1.0.0/src/CertifiedData.mo": "5af3182d77ab7aab2384d1f663a8cd992bbd6652aacff29c443314cf2186328f",
      "core@1.0.0/src/Char.mo": "0d1146320d21048cd49663c9838b1a6ce7ec1add1ad256b51a1eac4bbe3f6be8",
      "core@1.0.0/src/Error.mo": "fb53abc8de032fa421e327a7fb4880345b7b8e91bbb84d9183d2172b7a9ec773",
      "core@1.0.0/src/Debug.mo": "5c9398296ea0a913e2f356a3e169bb56df817248036aaa5c97507d29915143cf",
      "core@1.0.0/src/Cycles.mo": "9f5c1fceea47f05c43f22a1c25e8753fb7e552e36106d27bceef24b1310f4cbc",
      "core@1.0.0/src/Int.mo": "17c36cc01d325ab430c372328abec9d9defa0e81e3c2de7613735ca9588597fc",
      "core@1.0.0/src/Float.mo": "20beea2c0d9039593cc28c638e289f42b3f5a9405b9a43c1fc76571cbb0e6f5d",
      "core@1.0.0/src/Func.mo": "c00d06b15e3376821020ceaaffae2a70bf206c672e746459ba1079adc6d1a619",
      "core@1.0.0/src/Int16.mo": "5102cbb40ff1ecdc005bdc96ded6ef3619aa840526d2b243c0463dbb758aa4a8",
      "core@1.0.0/src/Int32.mo": "6fb63738e2482ee6b361745a7c0b03f684cdfcfa578e1bae53a9e0df527f1f72",
      "core@1.0.0/src/Int64.mo": "05d49bb8a25ef1f49e8a164fd5a63cc03fd56c1bbb91f1b6d5096ba9bd9eb23a",
      "core@1.0.0/src/List.mo": "100853bf57dc4b350336695148b3a3ecfc12c75c52b165dcdafc1c05effac6fc",
      "core@1.0.0/src/Int8.mo": "186de373b7857c3d6a6a3814285959e291088e8ae17de4a1bf2bd5e15490d511",
      "core@1.0.0/src/Iter.mo": "6098e63365cabe82046fd0100f53b029cc2693a438d0a7aafc7e930c8bb986b2",
      "core@1.0.0/src/InternetComputer.mo": "20383755c98801e560c17f9aefd9b4eb00463ee598125de1b39f6ae6fc8c60c9",
      "core@1.0.0/src/Nat.mo": "6be73db65c25fed97cd6b37223fac6a7982e8f124651d522aa7999c40159db50",
      "core@1.0.0/src/Map.mo": "bcdb5a6bf2f9b8ba2078707d25155fdab8fc9b92b1d909e749acb8be068f9226",
      "core@1.0.0/src/Nat16.mo": "0f83fbbbd2c4b0c71e9465e67273464faf32f126e59f3417476d536ee7e2ebbc",
      "core@1.0.0/src/Nat32.mo": "e35fccf57b5a5aca880860481388c8d679b2289710a43d9acd5f77ed19984614",
      "core@1.0.0/src/Nat64.mo": "9d8454be0bf9b234f5a5d308a1afdc02bc770a9d0d587bc23f8fba392a21ead9",
      "core@1.0.0/src/Nat8.mo": "02c42e668f0fd95df5f864b4bbede58565a0a0395c6a04f6cb357f83090d245d",
      "core@1.0.0/src/Order.mo": "ebc93dd27cee7befd6e41794fb220f079dfb017145a76d77a225b2fcb3bbfd9e",
      "core@1.0.0/src/Option.mo": "14e4f9d3332f778e0afa922e68852bf8fefcb885f1455770333867d120d64230",
      "core@1.0.0/src/Principal.mo": "2d4ce9cee2fd21cfe2bf236260742d5b35ac4fafaef74204bd068d0ba691b3e5",
      "core@1.0.0/src/Random.mo": "0cb44f437d4e495ac5ae80da2518f5d3ba12fc8cf25a7ca2d8f25c536066dd80",
      "core@1.0.0/src/Queue.mo": "fef65d586af331551fd4602b4a462a891a5ebb7a2b57d0de51b32d4ee10d3fb2",
      "core@1.0.0/src/Region.mo": "c853ca2803d26f650e8e0cc0ba1b219664e7e0fdcea2a747f146f035dc5659dd",
      "core@1.0.0/src/Result.mo": "a3eed6fe0156ac5a10418c13397fab7bcbc803a95cfc12fdb4de159e97f5cc94",
      "core@1.0.0/src/Runtime.mo": "5ac1290bec77ab04ae51df5fdc56ab4c6850823ffcd18e4140dfcc1b5a66cce3",
      "core@1.0.0/src/Stack.mo": "74a904d5d91a3c706c0dd0b73489719e74503510f2ff6fb6017dcf1c14d0ab44",
      "core@1.0.0/src/Tuples.mo": "632c1d344d561df66c7092b13c9009e41f5c73d068f1ae13001ac55353c66376",
      "core@1.0.0/src/Time.mo": "e08d502d5eb3ca0ab7b4cce7322404faf1c72bc2bed7d2ded5a46d6afd80fd39",
      "core@1.0.0/src/Text.mo": "3bd1923e902a08421f71fc6903a4492366d5ffb0206891143edae3b81fee6298",
      "core@1.0.0/src/Types.mo": "fe8ea094b7444977d45cdd3c0a389143f0b84e0567051b6c50b69aac482d1105",
      "core@1.0.0/src/Timer.mo": "dee7c31d1d4fd29794da552a133bcb90fbd29e3ec004407d1d6a16f430ac8151",
      "core@1.0.0/src/Set.mo": "db592ed58c0a333fd50303cf71fb47adf2e0660e0b53364c49a2aef536380db3",
      "core@1.0.0/src/internal/PRNG.mo": "8a93e87baa2b12f613c82394a4a05b425e44a695bbace4ca36f9a1f78be26442",
      "core@1.0.0/src/pure/List.mo": "e4a873f01cd5f923a43b7a4f86924f9348b9102a1b9e6831bfbd7032aa22a244",
      "core@1.0.0/src/VarArray.mo": "2b1649549cf5a4c1c3a5e224b816b060bcb3f85999f9cbbe75db0ef369c2dff6",
      "core@1.0.0/src/internal/BTreeHelper.mo": "20a475baf18f924ee0297fc234469fa0985cdaa31c85ce002b5a921383b0534d",
      "core@1.0.0/src/pure/Queue.mo": "f43869d27e7392074297afd7d271a282c461ee1eb69105b269751ca22070ccce",
      "core@1.0.0/src/pure/Map.mo": "33f63f1878f0474c6669363dde9ff6808ac992fa6353a7051b9a0c0cc7ee8f6c",
      "core@1.0.0/src/pure/Set.mo": "b547cd545ef688f349cd974ccd5c9cfcb11bdc67e8f0ab7d87734ff0f95193c5",
      "core@1.0.0/src/pure/RealTimeQueue.mo": "6e1f9a60d862f0bd214c205f70c98313ebc741f63ab62d3292c0d92d871c100f"
    },
    "base@0.16.0": {
      "base@0.16.0/src/Blob.mo": "61a48166c8bdc4cf1220fd11f645566699fa064a2b2aa8174388aae4eef6a532",
      "base@0.16.0/README.md": "f861762bc648759297be91a82981acfb2a160f9e1cfee063526b640b05a9c435",
      "base@0.16.0/src/Array.mo": "dbf9ed7bfccb959356ee5250da58b43c2ddb1ee68173be04b365c5317564e134",
      "base@0.16.0/mops.toml": "49dc97853e23e5463322b656ccc29b2c090dafac91136d3bea282810e63f357d",
      "base@0.16.0/NOTICE": "3960a8d25fa5fc909325817b08b36c1146970930ca15b6352f8ea6db803cab47",
      "base@0.16.0/src/AssocList.mo": "e2e123d96d907ada614435ecef9a223678db79f3b0a411d85e59d5c0a6566438",
      "base@0.16.0/LICENSE": "166bd8e8cf7790087d1fd18a9fa4d060cc0d0b3e5ab30689aa5f3a59a93386bf",
      "base@0.16.0/src/Buffer.mo": "fdb20bbec95107f48974c706ed3420be8507e3654fd9371036b7416b45821388",
      "base@0.16.0/src/Bool.mo": "65faf01dc6e3609ed2f729b813811506951adcce71c081fc6edcdbae4c8b1169",
      "base@0.16.0/src/CertifiedData.mo": "e2911a6cb533ba85ff345987d91ba92730a80ca9b6729c0b0ae1dd4631765e12",
      "base@0.16.0/src/ExperimentalCycles.mo": "2e905451f9e3bfb6982de5a49a2dfa3859c2bb7e0739557f93480debcab8ffef",
      "base@0.16.0/src/Deque.mo": "47cac83b96adaf0d49a93f9766ed0844769b899a9b7982d46b4998157889abba",
      "base@0.16.0/src/Debug.mo": "ccccd690e0f61caac42cb75d9eb23fdbdae67053fbd8b33d47fa101dfc9af3e5",
      "base@0.16.0/src/Char.mo": "93d9e300a2a9ed72c8a1e50288b3af4cb2c6cdd31988f200dc167e3bbfe5824a",
      "base@0.16.0/src/Error.mo": "b64274e5a5dcfbf74a55ef8c2b969ff4cdd856656849ec2eb5b964c3d1ad1bf5",
      "base@0.16.0/src/ExperimentalInternetComputer.mo": "9a665385f030b54c2086cebd42ae29262c00989059586242a84a4a4f6a06f1f4",
      "base@0.16.0/src/Float.mo": "86d527bcc778e4520f14d47677fd24633b6a44125ec715a0368d718a1ee3d405",
      "base@0.16.0/src/Func.mo": "a1a6cfb5b1910916b610d00c05d2cc9b56a2b55ad55533583aa9e705cb82a4ed",
      "base@0.16.0/src/ExperimentalStableMemory.mo": "d28fb9f603fd9ebb406bc848590564b471c19cc082bbbc76c8487f0e7b211257",
      "base@0.16.0/src/Hash.mo": "7546b8e08c410e705c9fb0329b3f893ca24dda72cc4ed8f2013d7c546e8beb5c",
      "base@0.16.0/src/HashMap.mo": "0de8c3ddafe0f73d62cbe2bec33d78b78e975cfc5df385d763e73d86cfe3a899",
      "base@0.16.0/src/Heap.mo": "e5c90141bda1375535f00c16b448a2328856f9673a1dc9688a2b11e3dfc8bed6",
      "base@0.16.0/src/Int.mo": "c04aeea43aeda1fde3007978589967429acc152cab3132af8ef0ca288416d97d",
      "base@0.16.0/src/Int32.mo": "b50026ebc57842f95a1455c865ca736eab14db54856b8810f3e8ae9227688d7f",
      "base@0.16.0/src/Int16.mo": "51772524e6277db86d27a6b4bb2789145bd5ef72097fd7540a51eacb71fcba16",
      "base@0.16.0/src/Int64.mo": "55558f9ffa00dd336a7658c3a34800dcea9730232ff3132ddf2b2ce507ec648f",
      "base@0.16.0/src/IterType.mo": "53c840d79e7aa6eefd00552ad9ecca820f8f3be14e070c905df472893f7b4fbd",
      "base@0.16.0/src/Int8.mo": "44e98af88ecef25ff557b130118277ac9f9bfa151699b0b42e61e7b155f2b243",
      "base@0.16.0/src/Iter.mo": "24e490f94569d708e1c979fb798feb200665bb973a29bb2cb9210148a77d2cb4",
      "base@0.16.0/src/List.mo": "961bed7fa13d0f3aa88189ceb51e5a7aeaa9b475d0857c941b2c4fec19a70656",
      "base@0.16.0/src/Nat.mo": "4180a4f92deafd7674a68427f0e250a1022c42942b435405e6f2459bce0b5536",
      "base@0.16.0/src/Nat32.mo": "53b5530b7becc07bb4c0398cd805076d10a70cbb306a0b4ce628b9a755d068fd",
      "base@0.16.0/src/Nat16.mo": "787af029de5f2a5446b3c5b58ed5c07baaef2febf98d6e74c5422cac753d5d60",
      "base@0.16.0/src/Nat64.mo": "1f5f430978ff0c27c2608e0d976573ad0864ddc8816714ddc9691141b4bed4bd",
      "base@0.16.0/src/Option.mo": "8135b09bab4bd3a9536692cb09fbf170f3c4cbce01eea645ecbcd0368cdf834a",
      "base@0.16.0/src/None.mo": "6072c7d392b6e43c245912ed6a30f3f46f9268de5aa146848f1bf0fd5218af3e",
      "base@0.16.0/src/Order.mo": "2d7c2f21b967e26cfb26441138779c44652476eb717fdb5ed8fb5397c54528f8",
      "base@0.16.0/src/Nat8.mo": "08db31b1cb511656df9fa50ad1ec0d42f256a6e14344896ad11b7ea1bc577b80",
      "base@0.16.0/src/OrderedMap.mo": "0a48d759795ee87f23df1f9d7280f9fc8c126852eacc82daf4e58e4c047b767d",
      "base@0.16.0/src/Principal.mo": "d82643351555e44690dfc10c16011b14010000431e63c30a1ec37265f5fc46d2",
      "base@0.16.0/src/Prelude.mo": "5a4636d33c6937279462c460e3bc1ececd14a80569a2a51fa55d3968f7bda553",
      "base@0.16.0/src/OrderedSet.mo": "cc9fb6ffad0d95b123c55c5f6b3493245852f031081901c13caf52df04411e6c",
      "base@0.16.0/src/Random.mo": "4fffac74e85d64b2579647144ff2b40e358610ddeda23ebf9354eb1d98917803",
      "base@0.16.0/src/Region.mo": "8579f4296e26f29b565830301097d650699535131da663e1a8bca89432295754",
      "base@0.16.0/src/Stack.mo": "992f6bd77d5ac3e4281a85a2ac96cfb04abb5b794bf8e9e08c3b558f516233f5",
      "base@0.16.0/src/RBTree.mo": "f9ad44d8bb82f55691eeef5f50b2e976d3c18e4399e950cbdcb59e91582622d7",
      "base@0.16.0/src/Result.mo": "9909afee7a1f066b25105469808c06c154611428a9a909bcf3089a501181fa5a",
      "base@0.16.0/src/Timer.mo": "ec1e126f05dc94a2e229dd3572b04e92e9265762d52d2c99ca8df8656e4f7788",
      "base@0.16.0/src/Time.mo": "4336ac0d6d9d8f516a1ba6794eb5e3577ecd3aa2aedabd09892dc7b8554b73f8",
      "base@0.16.0/src/Text.mo": "0abd4063229262cb2e3d658937ad000155a9eff1656412ddd9502a4d606c8cfa",
      "base@0.16.0/src/TrieMap.mo": "f09aab78476ffd158f8ab789e0692ad61aa9b1f4ac6ff3af30cdac5f5c30a7e4",
      "base@0.16.0/src/Trie.mo": "3ca67f2527afaf5e663bd7b227384d0b20d0ea0cfc7c532e5d95a625c0d0d6bb",
      "base@0.16.0/src/TrieSet.mo": "9c8c1821582b344de6f3910f417527ec0b565876eb2d9da09455af05117ed45a"
    },
    "serde@3.3.2": {
      "serde@3.3.2/src/Candid/ICRC3Value.mo": "62d2e16075d41ee1f2ee969b7fb919754dc020688e36ce3f761109ff064a8412",
      "serde@3.3.2/mops.toml": "25c704d6d338fdb7ba1a2c160437c8b0a591b4452dc18914e968b86c5e363a7b",
      "serde@3.3.2/README.md": "068b12e9fce5e1c183ac73d7aaf9d3a0e966878d0143193ec05d8368ea31bc92",
      "serde@3.3.2/src/Utils.mo": "b1434e655e9f6ce68052db85df272cd826d204dc14de393b860c9b0d6e001224",
      "serde@3.3.2/src/CBOR/lib.mo": "4724898021cb4e60e65a8c5ec63f089e3bf91c1e5dfa75fd5d0d733b557e0374",
      "serde@3.3.2/LICENSE": "722f3f4279baf4ab992c14fdbb619e088f85af40b24881a8851de77e4ab084f6",
      "serde@3.3.2/src/lib.mo": "01251998c7788c26b513a2eb8a0471847d457b99d6a18332e3e12f548fb39f1e",
      "serde@3.3.2/src/Candid/Types.mo": "ca6986cf3c8456a421b243207659d2a34865ddf6f433558630456bd0ad9fb8c0",
      "serde@3.3.2/src/Candid/lib.mo": "8ae891045a903545e7a0f99609eb7caea4a1c30489d5f49194566134e110d74e",
      "serde@3.3.2/src/JSON/FromText.mo": "cf2060d99650dcba3f7d019b658e52d2ae2f671b04e4a8a4ff2b69e773e36eb6",
      "serde@3.3.2/src/UrlEncoded/Parser.mo": "7439c3aff70d6dd78a9bd4df364203f77cb3e683106849f1d6e1d02c2e60774a",
      "serde@3.3.2/src/JSON/ToText.mo": "8e004250603c454ea9a9ee31a7dcac0446862adbd9b877ee0cc2f7571d628e34",
      "serde@3.3.2/src/UrlEncoded/ToText.mo": "cb1b40b638a69ae7954e4f7d7d405747c664276d4ae211d9a81130ea700e6634",
      "serde@3.3.2/src/UrlEncoded/lib.mo": "6462bf694e0f2f320958853405d1dfd183609956b3b901c42a98c87cc8e466bd",
      "serde@3.3.2/src/UrlEncoded/FromText.mo": "14c3718087b89a27e15d02ba8edc68ebac40c311e1ef04b5a94b574542b680ed",
      "serde@3.3.2/src/JSON/lib.mo": "5c885ca8faf6cdd8e197d46f08b25361a32d7b7ac5fbe45ba6d4cdc3df4614e6",
      "serde@3.3.2/src/Candid/Blob/CandidUtils.mo": "30b3dd4fcf4ce6dda26f110e68ee60206b996ad20be4bf64c4a4daa5e2a64376",
      "serde@3.3.2/src/Candid/Blob/Decoder.mo": "281ad201d6e49bd01deb8b7507330ac49ddd6ffb0d49621150eb6f86bea0ffa0",
      "serde@3.3.2/src/libs/motoko_candid/utils.mo": "b1720216d17c0dcae9276e53c6a3548f0826d9ca0ed1e2c9cdaba20cf17f661e",
      "serde@3.3.2/src/Candid/Blob/Encoder.mo": "2d07f4c8ecaa620855e106d6a0268b9c25eabb55d6ffaa67979822c1d5ea5c62",
      "serde@3.3.2/submodules/json.mo/src/JSON.mo": "07f059f98eb7f13095cfa1c4f70ad60f52cba84ed2c91b6c38c7d9d893438420",
      "serde@3.3.2/submodules/json.mo/test/Array.mo": "67ecb6bd6531243788020f0e7faa9a1fa3812a01341a3fedcb81be178390f43b",
      "serde@3.3.2/src/Candid/Blob/RepIndyHash.mo": "07af84ad3ecb9b11edeaba95b34d26748384c75179c726a83a11a45f7482375a",
      "serde@3.3.2/src/Candid/Text/ToText.mo": "4f5a34d0739b39adf1e8136f9d9dfcb0a5485b1b0e1a338c9d20d68a34905750",
      "serde@3.3.2/submodules/json.mo/test/Show.mo": "7059844cb3915f722561427f0ed5e174d2453a72a72913ee382a52b2c084dda5",
      "serde@3.3.2/submodules/json.mo/test/Value.mo": "3e1c388d42b5b992bec94e9f6d7439651a406311543427afa9e7afcb8ed39711",
      "serde@3.3.2/submodules/parser-combinators.mo/test/Nat.mo": "dfd583c7e50cfddc761274c00e39c7639f8fcd11bd79e4549c62375f31193a84",
      "serde@3.3.2/submodules/parser-combinators.mo/src/Combinators.mo": "3cea1c39aed92d00d85d431c3157bce3348b5cd9c534b180b6ba1e637221fcd6",
      "serde@3.3.2/submodules/parser-combinators.mo/test/Int.mo": "e4f63198dd556b9c71d7628466e52fca28e569b91c964217561fa23a57f02d57",
      "serde@3.3.2/src/Candid/Text/Parser/Array.mo": "69cf092ef60b57a4f758d0ee02f0b3ed2ac3e70a57d52972f55a976af75e0dfd",
      "serde@3.3.2/submodules/parser-combinators.mo/src/Parser.mo": "84ad6c5e762704b605f361216a1efff4b0f3b8c6e1cc602c2b8ff34f2ceddab5",
      "serde@3.3.2/submodules/parser-combinators.mo/src/List.mo": "691fba9a1cb13eb016cc24b92940fec2ee2d443da9800a201d0520b7e3eb4c72",
      "serde@3.3.2/src/Candid/Text/Parser/Blob.mo": "196b809a4eb4ae157d48a61080a0edda101bc0af4f1e2c21b16ffb62e1941427",
      "serde@3.3.2/src/Candid/Text/Parser/Bool.mo": "5794c859ba120cc20723b9f497df7d9c6809f93baa3bd786a0bf768e84eaf4ef",
      "serde@3.3.2/src/Candid/Text/Parser/Common.mo": "87b71cab198cbda36da7306498c5ba19a367cc1e028ee51865bc873d25a72902",
      "serde@3.3.2/src/Candid/Text/Parser/Principal.mo": "3140a4af2539654a7d6814f9009186da3beaeebd98c30d3cf9545be210ca1ba3",
      "serde@3.3.2/src/Candid/Text/Parser/Option.mo": "810ef2e52c2d35c681f0358b430b28d8006529b2748b908f7ed1bf621ba719ac",
      "serde@3.3.2/src/Candid/Text/Parser/Int.mo": "7c1a8beac7fedb8e1722dacf48828a6003b2dc2c4ab0f3f1bc745eb49992c110",
      "serde@3.3.2/src/Candid/Text/Parser/IntX.mo": "1f337e2f799b84af1552d43550ea251d85a215a2f01271ea174cec390acf3c74",
      "serde@3.3.2/src/Candid/Text/Parser/NatX.mo": "de0a2b6b3db3d18dc9f8261c1f0d48a3a415dac3680256636787e7bf5782c3a3",
      "serde@3.3.2/src/Candid/Text/Parser/Float.mo": "44f872f5d0be0dfd7b2c3b7ccd19216adf9270e91b5ed5ce824277b62025d76c",
      "serde@3.3.2/src/Candid/Text/Parser/Nat.mo": "f8a9deddb8660bf6c064f39278b6e58b12b43612cf599f572609832391d6d1eb",
      "serde@3.3.2/src/Candid/Text/Parser/Record.mo": "0e1732b3f92738e03d55caed8586644f887ee010ea298c7f248fa10ba65e8b51",
      "serde@3.3.2/src/Candid/Text/Parser/Text.mo": "c312f52f2f82a42c2a52870ec1ea1e23bd8457f673bc663d082444dfedebc20e",
      "serde@3.3.2/src/Candid/Text/Parser/lib.mo": "e4733d0c22067e3fbb60ea459855bb6ba3173bb926a28bf7e3da4b92d994c54b",
      "serde@3.3.2/src/Candid/Text/Parser/Variant.mo": "6208ef17006c16a9dce0fc35ded44fa21e438984f70fb68df8640dca15517bf6"
    },
    "itertools@0.2.2": {
      "itertools@0.2.2/mops.toml": "f8cfdae0d67b858f4fa677bd12c88141a5d4a4ae2516c1a1a9344708e9349209",
      "itertools@0.2.2/LICENSE": "7a20434740347741d4b7cd611cb264251d958333e4ed9cae2af37580f2401a55",
      "itertools@0.2.2/src/PeekableIter.mo": "7b0e8f276e0796c8ddb73e5b32f32f011479dfff1bd710230579c423396d2667",
      "itertools@0.2.2/src/Utils/ArrayMut.mo": "58d00b8069c1928baf61a5d544b78515f1f0e1ea85becc273b81e8a9cb73f8dd",
      "itertools@0.2.2/README.md": "f05c41edd1297373f6197fac08f7ba35a0671a6a275f576ce157cfc49bd883fd",
      "itertools@0.2.2/src/RevIter.mo": "95abd1413bb127f26c990b494b48ea88461d2b682736eb9aba7313ec75da69c8",
      "itertools@0.2.2/src/Iter.mo": "1e2c47a07965476d51238ad2f84eb320f29b62f78244b8d0259cf570b23a0532",
      "itertools@0.2.2/src/Utils/Nat.mo": "aad8b80e863ad2e986c332953665759a0a40ee93bfb1da64ad47928f3efbe55f",
      "itertools@0.2.2/src/Utils/Deque.mo": "f89f3890ab0321c24bfe55b80aadcd21efe4e4b71193ca34178a8019f3f5e898",
      "itertools@0.2.2/src/Utils/TrieMap.mo": "92196da765658b7c1f0e48bb5fdf050ebdd0fe87298e927f3154040cbee7f48f"
    },
    "candid@2.1.0": {
      "candid@2.1.0/src/FuncMode.mo": "9b93fce639c7a41abf10f2bbeb5e1a4b00fd822830bf2c973fd77a8fa354557b",
      "candid@2.1.0/src/Arg.mo": "d8f281f0467c7ac20897348c8549d63e21906f5ca2dab2250bc597b0b609aa0d",
      "candid@2.1.0/mops.toml": "a7f4c8a39591ff24e94a7dad07a060d2971a281968330237db12d43c41b65977",
      "candid@2.1.0/src/InternalTypes.mo": "f5d86f6143a9934ed6a3701460558495aaa9f01028cbb18f6507ea023e96da29",
      "candid@2.1.0/src/Decoder.mo": "95ebaf67606cb5172bf39509af8b102ff8090d575b461e0de8cad741120d66d4",
      "candid@2.1.0/src/Encoder.mo": "c487f3a800b4150f6577600e7215918809c85d636863e6786bba20d971d08e55",
      "candid@2.1.0/README.md": "12591e1c024e15cbdeb78c04759b5fd802b21a4df3f6eb87dfce0002e969202e",
      "candid@2.1.0/src/Tag.mo": "c3541f4bf77c4df7bdf22ae7de08bd250122ce0b68f69508748de5c666be2e73",
      "candid@2.1.0/src/TypeCode.mo": "e56f3e3473a91df4ffe96c62827b29e81553737caa1f62c841fa217630d59bcb",
      "candid@2.1.0/src/Type.mo": "0b31449848e2bcb479ca81c392e4291e4ea2575b56581b760c46c2628fc1392f",
      "candid@2.1.0/src/lib.mo": "c18f2bdc8734e4d757afa46603e2eb728de17c76481b0d0152a593bfd80a4b58",
      "candid@2.1.0/src/Value.mo": "0771585165f77256a0bebd3f57180d11f489215ad9de1a55eca6271a44215eaa"
    },
    "xtended-numbers@2.1.0": {
      "xtended-numbers@2.1.0/src/FloatX.mo": "25a4e83103215b7a157bd37c81401fa7bf226b40f49c2cd7d0f406c10608e7fb",
      "xtended-numbers@2.1.0/LICENSE": "7caf02fc1ac48db886244237e0fa148cea6c360daabcbccd3e6d26da422bb06b",
      "xtended-numbers@2.1.0/README.md": "d2e881aef1bcfe216dec7b954f174e086b8b5a7dda9e94d345daeaf254b4c355",
      "xtended-numbers@2.1.0/mops.toml": "06a5529380648a98baed85e4336bf87f9c39668a3b8231984ef3d6dd1a4a49ec",
      "xtended-numbers@2.1.0/src/IntX.mo": "d2cad7689a5ebb1838525869e76f2321bcc74d17ff2b66883af559c59ca3bef8",
      "xtended-numbers@2.1.0/src/NatX.mo": "4e21dd6e80918d3e318e8c366ef9fc5cfa6835e09f870bcac61034736bd9b15f",
      "xtended-numbers@2.1.0/src/Util.mo": "ab75ce5587dfeffc81376777f5de74a301bd300ec4df7db54e5f94b208e4f384"
    },
    "buffer@0.0.1": {
      "buffer@0.0.1/LICENSE": "d29036f192ca54721796c4a5abda5980dd026c43b08cad2dac004d22f5bcde50",
      "buffer@0.0.1/README.md": "a4d0f4e4d76e478daddc6c64d51fd9c55541d5afe3957d64676cd79c4771a164",
      "buffer@0.0.1/mops.toml": "f81bedf2d0b74d8677205794df4861abb2f43e3e9f2d1fa4a384c46dd47a4a21",
      "buffer@0.0.1/src/lib.mo": "2f75f5917f73c1beee686ebf9a5d121db1c5aa298e13cd90bcc697667f34fcb4"
    },
    "cbor@4.1.0": {
      "cbor@4.1.0/src/Types.mo": "8f22e4cc001405e941327100b47d6ecf46c70b8504cbf8017286fe4661b57bdf",
      "cbor@4.1.0/LICENSE": "7caf02fc1ac48db886244237e0fa148cea6c360daabcbccd3e6d26da422bb06b",
      "cbor@4.1.0/mops.toml": "8024dc365449e2eb2cdc6a28824c1a31408be08f143763d4f2789732e5bcbead",
      "cbor@4.1.0/README.md": "1708052f3e98b90fd2b697b42cb8262bc3c9d790d467e44626f9355667c2ae7c",
      "cbor@4.1.0/src/lib.mo": "943c52f30a354e60650a1f8fdd7f45960d4aa66c492e5b241329287007594cbf",
      "cbor@4.1.0/src/Decoder.mo": "23681953e7655e0fc8afe4b933518c5020c12d1a8238da83dfecbfca77094de4",
      "cbor@4.1.0/src/Encoder.mo": "748b2e2b0bc156ad6b2569ca884dc7ab86149e74b5cca3fadfab0e7b5aa3bd69"
    },
    "map@9.0.1": {
      "map@9.0.1/test.mo": "1dbf0189e91fe529366dbca96b265728ae4ebedab0072ed3a8e6c1b40b1f2b95",
      "map@9.0.1/mops.toml": "2d39600b74fd262e71ab620d94bb3727ef0228d056fbc1cdd0e4742063ea74f2",
      "map@9.0.1/src/Map/const.mo": "daa2d3cd2e3f59c0793666d5d7be30e097f38bba34d1f818f72672e8ee31ecb3",
      "map@9.0.1/src/Map/lib.mo": "b04a6971d237b5869ffb21f4c061993039b5d3aa7fae9e998583c9d56f2811ad",
      "map@9.0.1/src/Map/types.mo": "828fd9cd9ef34664fa50a149ed5c3b4ac66c937b5f47c57f183a2b9a8cf67372",
      "map@9.0.1/src/Map/utils.mo": "0c44db72a226c91483390ce286593d2d92550c28f77ff9b5810992b57fa7c438",
      "map@9.0.1/README.md": "d82170254be14dffbe42591deff3b6f5507b9efe9c2d4d416529ee0a5f8a1c77",
      "map@9.0.1/src/Set/types.mo": "2f369ce007b606c416ce5ce3a587624d890899356aa1b8eba324a7f4caea26e6",
      "map@9.0.1/src/Set/lib.mo": "d28b2ac313579d88454ae4d68d17181ab8de0e2d5ecca4df79d4f895a79181ab",
      "map@9.0.1/src/Set/const.mo": "daa2d3cd2e3f59c0793666d5d7be30e097f38bba34d1f818f72672e8ee31ecb3",
      "map@9.0.1/src/Set/utils.mo": "0c44db72a226c91483390ce286593d2d92550c28f77ff9b5810992b57fa7c438",
      "map@9.0.1/src/Map/modules/clone.mo": "26e81e881eb3ee489231233f1dc8ec25b4a3c546a9e12cc0746892a8271c316a",
      "map@9.0.1/src/Map/modules/fromIter.mo": "3e6791d684a59c0894e5e3fe5b4f2ccfd3117f6cfa8a57aa5617bb681420454e",
      "map@9.0.1/src/Map/modules/find.mo": "2074f9bcb0fabd7d5ea7331315ba5b91926e25f35de23a1c9ef2b09bf9e8dea9",
      "map@9.0.1/src/Map/modules/get.mo": "1e8683d00760fa32a3b365ce9be5d246b8773da1eaf827d9c86e43974390d3f4",
      "map@9.0.1/src/Map/modules/init.mo": "cfdbd9a081b89d36b53514d7256569822fb7583cb5623b009ae1a530b11fa3c5",
      "map@9.0.1/src/Map/modules/put.mo": "6f763f9eb1360e8f50cd6dcdd99d09476b5740f63efd14b350295b0742330092",
      "map@9.0.1/src/Map/modules/rehash.mo": "2b5455e77226245e32ce1b06d7dbfce5d2f7eccf6f288f34dea4d7bd22c12dee",
      "map@9.0.1/src/Map/modules/queue.mo": "129b5e107fe76d8c7acff3bee75b0fc78d4fd8868234769282d652d517f703b7",
      "map@9.0.1/src/Map/modules/iterate.mo": "86c249769b5e338dce5a9b9eec4e0f9d68cc5ca637131364d78d1f263cb10030",
      "map@9.0.1/src/Map/modules/toArray.mo": "e0d29cbb4be5959f7741f8e5b89a571076d33aa959357fcfe1809e1e787f1f84",
      "map@9.0.1/src/Set/modules/clone.mo": "86986a4f96d731b2881f1ab7281862bf8ee65a8abb4de59f22e72c08272cb856",
      "map@9.0.1/src/Map/modules/remove.mo": "54151a37caa332012c1798964c83f37752cb6256b93964c7ec75df2df63420ff",
      "map@9.0.1/src/Set/modules/find.mo": "3f61a8644f712eda9367ae31a46366b48cb40c2c78b00946448a5fbdcb61acbc",
      "map@9.0.1/src/Set/modules/fromIter.mo": "6d39cf258febd9dba33f34bd8d5c00fdd42308417c1a5ba4bb6de39508dd591e",
      "map@9.0.1/src/Set/modules/get.mo": "1892927614478eb35428238323231b9f52dcea31bdcc129fd5e8359da6752616",
      "map@9.0.1/src/Set/modules/init.mo": "0ae14693721844f6dc6c3f14bcde059fdbb64620ee552c78e8c81bb7579c4361",
      "map@9.0.1/src/Set/modules/iterate.mo": "6288764f10ff9b6cd7d8f637fbed046e344c9b4e26727132a0bda6a824a8251f",
      "map@9.0.1/src/Set/modules/queue.mo": "d2396b0fdb8531cbdf29200c5dcf1704a0704922c00e0ea8f483b5c2c3ba8b13",
      "map@9.0.1/src/Set/modules/put.mo": "ef25497595c08e4217f5603aa1c16b973e2d31303a58f1e51dc159442b088392",
      "map@9.0.1/src/Set/modules/rehash.mo": "133228a3521069233e6b676de05e84fba4f28e3fff63b5dfce1d1a603b4bf609",
      "map@9.0.1/src/Set/modules/remove.mo": "9548e3d1df5b82d68dd469ca6aa30f06d9619ae2ab7068b8344505349b487feb",
      "map@9.0.1/src/Set/modules/toArray.mo": "6d6c3162ba79935d56390dfd4cb3434493b2c121cf09aa3b2a2af9b12e276eed"
    },
    "sha2@0.1.6": {
      "sha2@0.1.6/LICENSE": "c71d239df91726fc519c6eb72d318ec65820627232b2f796219e87dcf35d0ab4",
      "sha2@0.1.6/NOTICE": "9e95e2265712704574d13aaa6cab885a11e6ca6d46d70a7dd5286791ed59a1c3",
      "sha2@0.1.6/mops.toml": "d4383b37c01088088e7f3ee9153411a8a653e98949779d7805436da8e012ba6a",
      "sha2@0.1.6/src/Sha256.mo": "dc0d0e5a5950f7786648eee417d1a1a3b8d0e48d1faf48ce4af6378fee6f8453",
      "sha2@0.1.6/src/Sha512.mo": "9983910bc2e8e92dffb58d89607f62cc35a243d6cb5f1bd13076f377d0d8d261",
      "sha2@0.1.6/README.md": "968ade7f520180a097085f468d79a2de8d61b3785057e363ed5117a7eba5a56c"
    },
    "fuzz@1.0.0": {
      "fuzz@1.0.0/src/Array.mo": "e35a723792eababc3b912f5452dddddf0ca95879e16139168e7e845b12cde5af",
      "fuzz@1.0.0/src/Blob.mo": "d222f23b772e6e2f83009c201599edfb432c3d5912f890b3508c4948c004f75c",
      "fuzz@1.0.0/README.md": "ce18c86e17976ae1f341c22912a2765d8cd0834494f565058029a2b5b504c52d",
      "fuzz@1.0.0/LICENSE": "9323eded2cdf2129732f5b7cd812f350eba0cf68451bb2e1726eaa749b9b1885",
      "fuzz@1.0.0/src/Buffer.mo": "90357da6951b32a57bcb379692d08784d322f4b5433c8c5a7686cbd1d9c89af9",
      "fuzz@1.0.0/src/Bool.mo": "0c0b1030d54526605cb06dbe32b09ee3fe66cbed626f49c399e8a6f0c5fa5d4f",
      "fuzz@1.0.0/mops.toml": "fa64941ce9d168a4025b5efddb3699a454e59f1cf930d75a0511be44d676c915",
      "fuzz@1.0.0/src/Char.mo": "7c5f6e822f981f1391692a34519c5922bd46b23ad68e3cef3f07d8c359031693",
      "fuzz@1.0.0/src/Float.mo": "5f6c89cd7246351258906496d4a5534970f238f5575f30a428f833f2e53a2f5c",
      "fuzz@1.0.0/src/ICRC1.mo": "ba20a62932e85a7b32e07112ea094d7fb88f63c0c66f199e3c43b3c03058ea6d",
      "fuzz@1.0.0/src/Int64.mo": "5e3b53c1b6b06f64ba2a801b2994920ddb8237c27bea6c534f37cdcf6608a3e0",
      "fuzz@1.0.0/src/Int8.mo": "c32d7c504262e336465143c29c28f140eae09cd7c7059c6e701be714c6050ac6",
      "fuzz@1.0.0/src/Int16.mo": "78c0e464cb0dbff805b2a75192c8be91747b1d17b1c574cb33b02bff15a90764",
      "fuzz@1.0.0/src/Int.mo": "8939640ef8e73e0c22d05671c0f54340ccd9ab1f8b2992ee775066ca0be2bf01",
      "fuzz@1.0.0/src/Int32.mo": "f66a30d1ebf5b3365716532bf158586a62ec871a467dab8b8b02fab5298d2372",
      "fuzz@1.0.0/src/Nat.mo": "bafb9ea007d6f3d1c770e6dd368536359a581034383d546852aca756743bcdf0",
      "fuzz@1.0.0/src/Nat16.mo": "46fde4497b445f24dbfe29d69b6204af8de3c08e28fb266ab89ddc55b6a03dd9",
      "fuzz@1.0.0/src/Nat32.mo": "5e4d331b24cbc1dd63fb59d5be4b2da8b94708effbce53d72e0a85d0c18df4bb",
      "fuzz@1.0.0/src/Nat64.mo": "66b3922bf5b78b92e5d560eb5cb2fbd1391ae52c4428622ac471ef2ba0d7ede9",
      "fuzz@1.0.0/src/lib.mo": "97374d5a167ca25fc77ea87c0e6d96be60df61e05c748182761dd0af427d6d5c",
      "fuzz@1.0.0/src/Principal.mo": "fa03e8d3d76b66cfed18bb3a89451ea1eca6e6b113f5db9c5441e6105c68a617",
      "fuzz@1.0.0/src/Text.mo": "8b59cf2f127c1fa8f5aa891868da29fd5db56bef6c51c5e54cf811bf2423c2ec",
      "fuzz@1.0.0/src/Nat8.mo": "06d08395a5d94f69ae0ebe06456127d00120e75a6811bc7038bfafc3cbbe6678",
      "fuzz@1.0.0/src/Option.mo": "ff0b8769260e4b6420a846fb965f0bb6aa724a486333f23db86b03ce888a986f",
      "fuzz@1.0.0/src/types.mo": "e94e673e2486d37a1497380cb4096dcd6e7d9a3bb25963ea6e53b925fd813496",
      "fuzz@1.0.0/src/utils.mo": "121e49271a6dea94a9c56175f75d965d01fc813962cafdb1a1e0ea4110fa58b7"
    },
    "byte-utils@0.1.1": {
      "byte-utils@0.1.1/LICENSE": "9f1803a1a78528e5114ac59ec2e0d76e65c60d50237feed2a43eb6d27eb22185",
      "byte-utils@0.1.1/src/lib.mo": "efe31d6bd858d15c50d0d4768a9040a6ab849b3b29fe5b013ecc791a3eb79ecb",
      "byte-utils@0.1.1/README.md": "d6eba36239a6a45227789263da130c4ca0196f490e8b53adbcff6fe729ec11bf",
      "byte-utils@0.1.1/mops.toml": "7691c63625a18fba340153b0b1d956831253a01ea36b34d1341aa47a51731a82"
    },
    "base@0.7.3": {
      "base@0.7.3/src/AssocList.mo": "ee0630a62271f0a13e7acf19dd009954557ea1f7bf8c42809cf69ef49983e8cd",
      "base@0.7.3/README.md": "931c3f76a25c29388f4705908094f972ef821e2839360d67a39ebfabf49ce2e8",
      "base@0.7.3/LICENSE": "166bd8e8cf7790087d1fd18a9fa4d060cc0d0b3e5ab30689aa5f3a59a93386bf",
      "base@0.7.3/src/Blob.mo": "7c69d2af7f2b07a580a433f7026dee973f8d50c6500aa6ffaaf0256574eddeaf",
      "base@0.7.3/src/Bool.mo": "aae2d345570a5b62a50dc78745425cb14d858a8b923e89407158601414dcbd63",
      "base@0.7.3/src/Array.mo": "f4837d6e352fcfa7be86be18ea81b0b22eb0ba72ee91dfd2545330256a532143",
      "base@0.7.3/mops.toml": "44618d93a07ad53f95a01cb9ae58605a90910f807472f910db7a8b0c18feb393",
      "base@0.7.3/src/Buffer.mo": "bc8e0c0e726783bba9a41a9f3c879bad8efee03f15075f275c6d4be8a3db4d78",
      "base@0.7.3/src/CertifiedData.mo": "95dab25caac88bc0e18c8017174f4f99a916f00c8856e221e3b917bd90bd9f99",
      "base@0.7.3/src/Char.mo": "1f4a8bc4eddf37b6f5d330464ee9f5e884a119e9f2d5f271f12bdcbf82a7bac6",
      "base@0.7.3/src/Debug.mo": "3439bd03af5e03fa341c1540bd4569e4df170cb47f94682ca9a2f75992c80577",
      "base@0.7.3/src/Deque.mo": "b43b85078c02d13ab07772258885e3f78bbdfa9850c335e0cff646010f6184b3",
      "base@0.7.3/src/Error.mo": "8f90b27dd7df12620742e6a0d8ea24e978ae3ea9f0806cd88c264d60671fb70e",
      "base@0.7.3/src/ExperimentalInternetComputer.mo": "ec392dbbc7ab4ba95c7527cb6cee9a355e1f1131094be1aa4f88ceb944144c9e",
      "base@0.7.3/src/ExperimentalCycles.mo": "a648fbc0a56ac1883f1dcf45e522ca3decd4342acd17d04ee79e395d4af2cedb",
      "base@0.7.3/src/ExperimentalStableMemory.mo": "be9f71e7c122f0a2dfa5f79fb349062587c691f9b3e4a35f3b19057ca44794a7",
      "base@0.7.3/src/Float.mo": "c927749a0b7f484159c5f42f6c6fd915d21f8fca7935b28d0bae8949f7e1e94d",
      "base@0.7.3/src/Func.mo": "2893683d82ab985247d276b1c38c2ec65a08f37995b10d7ff812274dc424d662",
      "base@0.7.3/src/Hash.mo": "0fec16fcfa862567c0e241b82f934ac96b071399334af53c333082ace97c52b1",
      "base@0.7.3/src/HashMap.mo": "536ae25f2775ac2ec6c2bfcdb30a0574f37461996dc70bbff65e8d30eecd3ade",
      "base@0.7.3/src/Heap.mo": "10b8eca5683f6dae1a7eff906859a2cf0d83203dba7b3479e971a32bd9445574",
      "base@0.7.3/src/Int.mo": "feaa5c7827deedda8d30e76c46efea00aec252ec428bf202ed503c516a55d8c5",
      "base@0.7.3/src/Int32.mo": "6662ff90b1132531508f482d469c4c3ce1798470b837ab063831b516b6089b55",
      "base@0.7.3/src/Int16.mo": "de380bfe238cef0c37067ec70a196c3abe1d6b1a6b9eb4d61abb489c0f6b5ede",
      "base@0.7.3/src/Int64.mo": "ecdab1813f7ec6e485972fbc82a10734e057ebf18fe048eb1f7768469c4c4d50",
      "base@0.7.3/src/Int8.mo": "e121d0a2f4163e9796f9195f455f833679483cbc192b5f91c4a136f5ee2313e2",
      "base@0.7.3/src/Iter.mo": "befccfefb9a8809a5e10e20ca3cc1d06c5507584cd3e4a917dcf521542d06336",
      "base@0.7.3/src/IterType.mo": "5e47aca8aaa966b64fa52fd6a7f30cf217a4b3df789208ed6176052040a65467",
      "base@0.7.3/src/List.mo": "3e7b1527160387507b55c6d83ab35a36d33c89568d702aa95a74d0564c4552ab",
      "base@0.7.3/src/Nat.mo": "8cb186903e0cde8ac3c5c7664b22d850a0b2647380195fdde25b015666ab3e84",
      "base@0.7.3/src/Nat16.mo": "edd819b942a6110c2cc75954146d63a1a6259e5bb02e513f72df771f465c47f5",
      "base@0.7.3/src/Nat32.mo": "9ac15ac8f45db1a2e58f4434f5a782ba19006336522cc10721c925dc10cd7a67",
      "base@0.7.3/src/Nat64.mo": "6b54d5a2919c0eaf16b1d0100f62c88775fa6a10bbe076649d3df2aecaa11f87",
      "base@0.7.3/src/Nat8.mo": "680f83e9d6ac84ba4dab70dd3ec7993819090fd998a17169b846987e1fa063ff",
      "base@0.7.3/src/None.mo": "e9f55e45a3b3d150e25bdb50d4a4e93b8da02e502de4e7bdde06e5df4aa2e307",
      "base@0.7.3/src/Option.mo": "fbc4b3e0a27a9037371957f67a83d88c02ca1935e074cc3750ca979fa8a1655a",
      "base@0.7.3/src/Order.mo": "8f96f1d09af213c80a465520ad10c9abf51cafd5cbcf5df6188d54b27963a4ad",
      "base@0.7.3/src/Prelude.mo": "c22902cf216df34ecb28365d7f2350aa0742d3ee4b3a5f8f56d5bde31b2828b1",
      "base@0.7.3/src/Principal.mo": "0868bd422be623c732c533434f3221d513db7a2c5cde687f175fd269d81048dc",
      "base@0.7.3/src/RBTree.mo": "635aecc23234f3223c5c16664ead8bb6ddeb7ecc761a37949d35139cdf3b1f24",
      "base@0.7.3/src/Random.mo": "2bf1fcc2bb2896b5439a7c65eb70c376d56e2089a21216564d92b2ede944620a",
      "base@0.7.3/src/Result.mo": "b508b7142d1119b62d438dd08c992d010443b76aaa5404962dc09b069377389a",
      "base@0.7.3/src/Stack.mo": "5c1a781c27d19601676a601f8f197c6e35afd2f35dbddea83d53cf2628b436b9",
      "base@0.7.3/src/Time.mo": "d643f0f541db38f71032c335772374fd9a28be562664b4b621ae63b048bb9877",
      "base@0.7.3/src/Text.mo": "6d712fb067a80ee44d8c33c5e5dee5c7829f33b8edd7880d554a0b6db1f18313",
      "base@0.7.3/src/TrieMap.mo": "15398aac44e75f964559e38c60a8037706a8754b2d5bb904bb92d57cfdb5b963",
      "base@0.7.3/src/Trie.mo": "7a013b5879bfdc4bc606227151662523c856ec00aae30a512fca895f15770f05",
      "base@0.7.3/src/TrieSet.mo": "f64cfd7b45a727f537c7a8f8702dc661a6413a5e031d3d71e7ede69decf6e787"
    },
    "hash@1.0.0": {
      "hash@1.0.0/mops.toml": "391a46980c1eb7f1560ab962e84a13ebc6bb883d5c3ffa5eb9cdeeb4efd6a56c",
      "hash@1.0.0/LICENSE": "32c512d604ec0f4c2ed1173d80c8d8a702e21581c20ceca26d0152eca45fd501",
      "hash@1.0.0/README.md": "9a483b8ddc3db00d6863f94817d1bfb12829b6b339258f04e7505313435cbe9d",
      "hash@1.0.0/src/CRC32.mo": "fa47440ff98c9bc35190e0ad5aa3f33dc82788de17e207e318fd5adf852e0aa2"
    },
    "buffer@0.1.0": {
      "buffer@0.1.0/LICENSE": "d29036f192ca54721796c4a5abda5980dd026c43b08cad2dac004d22f5bcde50",
      "buffer@0.1.0/README.md": "997ca71aafccabf4da41269d547e06d7a3e53f55418881178dd369df3eeed7f4",
      "buffer@0.1.0/mops.toml": "29b478ced5ddf863323252cccfa938e0183946e9d94bf01d8ff7a7dfd1ffcb1a",
      "buffer@0.1.0/src/lib.mo": "12ab7e7d3b8f14da06c807aae707d6dae412dc4c447b8e0ee2e1f8e8f1067a48"
    },
    "hex@1.0.2": {
      "hex@1.0.2/src/lib.mo": "d3bd0c32e8af37881adffdadda8e0ecc2de053bde59109bf6641f0459ea16c7b",
      "hex@1.0.2/mops.toml": "62ee8282d4079a1eec58a77e3a9f3d981cb8f4d9aaff5c37bc345da68ec0f320",
      "hex@1.0.2/README.md": "d32fb6e0bd0e60eccfca4f208270265aaa5a69f18e1fecf38634419e80ac1a73",
      "hex@1.0.2/LICENSE": "8b50bfaf3fb817019715454a2888b5111e53ee6a33718b0dcd7d03715c184daf"
    }
  }
}